
Microsoft Visual Studio Solution File, Format Version 12.00
# Visual Studio Version 16
VisualStudioVersion = 16.0.30907.101
MinimumVisualStudioVersion = 10.0.40219.1
Project("{9A19103F-16F7-4668-BE54-9A1E7A4F7556}") = "StudentsMa", "StudentsMa\StudentsMa.csproj", "{385A72B8-D717-48B6-B941-6237D2A89C3D}"
EndProject
Global
	GlobalSection(SolutionConfigurationPlatforms) = preSolution
		Debug|Any CPU = Debug|Any CPU
		Release|Any CPU = Release|Any CPU
	EndGlobalSection
	GlobalSection(ProjectConfigurationPlatforms) = postSolution
		{385A72B8-D717-48B6-B941-6237D2A89C3D}.Debug|Any CPU.ActiveCfg = Debug|Any CPU
		{385A72B8-D717-48B6-B941-6237D2A89C3D}.Debug|Any CPU.Build.0 = Debug|Any CPU
		{385A72B8-D717-48B6-B941-6237D2A89C3D}.Release|Any CPU.ActiveCfg = Release|Any CPU
		{385A72B8-D717-48B6-B941-6237D2A89C3D}.Release|Any CPU.Build.0 = Release|Any CPU
	EndGlobalSection
	GlobalSection(SolutionProperties) = preSolution
		HideSolutionNode = FALSE
	EndGlobalSection
	GlobalSection(ExtensibilityGlobals) = postSolution
		SolutionGuid = {9491ABAC-B425-4369-9C51-31B753624D0D}
	EndGlobalSection
EndGlobal
